
Microsoft Visual Studio Solution File, Format Version 12.00
# Visual Studio Version 17
VisualStudioVersion = 17.2.32616.157
MinimumVisualStudioVersion = 10.0.40219.1
Project("{FAE04EC0-301F-11D3-BF4B-00C04F79EFBC}") = "ScrumGit", "ScrumGit\ScrumGit.csproj", "{2A0EDB40-1973-4B45-BBE1-EBC09E285A24}"
EndProject
Global
	GlobalSection(SolutionConfigurationPlatforms) = preSolution
		Debug|Any CPU = Debug|Any CPU
		Release|Any CPU = Release|Any CPU
	EndGlobalSection
	GlobalSection(ProjectConfigurationPlatforms) = postSolution
		{2A0EDB40-1973-4B45-BBE1-EBC09E285A24}.Debug|Any CPU.ActiveCfg = Debug|Any CPU
		{2A0EDB40-1973-4B45-BBE1-EBC09E285A24}.Debug|Any CPU.Build.0 = Debug|Any CPU
		{2A0EDB40-1973-4B45-BBE1-EBC09E285A24}.Release|Any CPU.ActiveCfg = Release|Any CPU
		{2A0EDB40-1973-4B45-BBE1-EBC09E285A24}.Release|Any CPU.Build.0 = Release|Any CPU
	EndGlobalSection
	GlobalSection(SolutionProperties) = preSolution
		HideSolutionNode = FALSE
	EndGlobalSection
	GlobalSection(ExtensibilityGlobals) = postSolution
		SolutionGuid = {FA3F4955-2E97-4007-9CF6-4516842FEADD}
	EndGlobalSection
EndGlobal
